
Microsoft Visual Studio Solution File, Format Version 12.00
# Visual Studio Version 17
VisualStudioVersion = 17.9.34723.18
MinimumVisualStudioVersion = 10.0.40219.1
Project("{9A19103F-16F7-4668-BE54-9A1E7A4F7556}") = "LifestyleStudioWebApp.GithubPages", "LifestyleStudioWebApp.GithubPages\LifestyleStudioWebApp.GithubPages.csproj", "{E1E585A2-031F-468B-AFC4-C4E39B7F083A}"
EndProject
Project("{9A19103F-16F7-4668-BE54-9A1E7A4F7556}") = "LifestyleStudioWebApp.GithubPages.Client", "LifestyleStudioWebApp.GithubPages.Client\LifestyleStudioWebApp.GithubPages.Client.csproj", "{C3BA168F-D86C-4665-8CAB-EBFE3F34A74A}"
EndProject
Global
	GlobalSection(SolutionConfigurationPlatforms) = preSolution
		Debug|Any CPU = Debug|Any CPU
		Release|Any CPU = Release|Any CPU
	EndGlobalSection
	GlobalSection(ProjectConfigurationPlatforms) = postSolution
		{E1E585A2-031F-468B-AFC4-C4E39B7F083A}.Debug|Any CPU.ActiveCfg = Debug|Any CPU
		{E1E585A2-031F-468B-AFC4-C4E39B7F083A}.Debug|Any CPU.Build.0 = Debug|Any CPU
		{E1E585A2-031F-468B-AFC4-C4E39B7F083A}.Release|Any CPU.ActiveCfg = Release|Any CPU
		{E1E585A2-031F-468B-AFC4-C4E39B7F083A}.Release|Any CPU.Build.0 = Release|Any CPU
		{C3BA168F-D86C-4665-8CAB-EBFE3F34A74A}.Debug|Any CPU.ActiveCfg = Debug|Any CPU
		{C3BA168F-D86C-4665-8CAB-EBFE3F34A74A}.Debug|Any CPU.Build.0 = Debug|Any CPU
		{C3BA168F-D86C-4665-8CAB-EBFE3F34A74A}.Release|Any CPU.ActiveCfg = Release|Any CPU
		{C3BA168F-D86C-4665-8CAB-EBFE3F34A74A}.Release|Any CPU.Build.0 = Release|Any CPU
	EndGlobalSection
	GlobalSection(SolutionProperties) = preSolution
		HideSolutionNode = FALSE
	EndGlobalSection
	GlobalSection(ExtensibilityGlobals) = postSolution
		SolutionGuid = {3A1635DD-6AB3-492C-9212-B45FC9150980}
	EndGlobalSection
EndGlobal
